{
  "version": 4,
  "terraform_version": "0.12.23",
  "serial": 333,
  "lineage": "ac841384-32ac-2689-a804-14d89578b58f",
  "outputs": {},
  "resources": [
    {
      "module": "module.elk",
      "mode": "data",
      "type": "aws_availability_zones",
      "name": "available",
      "provider": "module.elk.provider.aws",
      "instances": [
        {
          "schema_version": 0,
          "attributes": {
            "blacklisted_names": null,
            "blacklisted_zone_ids": null,
            "id": "2020-03-23 18:21:16.0547122 +0000 UTC",
            "names": [
              "eu-west-1a",
              "eu-west-1b",
              "eu-west-1c"
            ],
            "state": null,
            "zone_ids": [
              "euw1-az3",
              "euw1-az1",
              "euw1-az2"
            ]
          }
        }
      ]
    },
    {
      "module": "module.db",
      "mode": "data",
      "type": "aws_availability_zones",
      "name": "available",
      "provider": "module.db.provider.aws",
      "instances": [
        {
          "schema_version": 0,
          "attributes": {
            "blacklisted_names": null,
            "blacklisted_zone_ids": null,
            "id": "2020-03-23 18:21:16.4618187 +0000 UTC",
            "names": [
              "eu-west-1a",
              "eu-west-1b",
              "eu-west-1c"
            ],
            "state": null,
            "zone_ids": [
              "euw1-az3",
              "euw1-az1",
              "euw1-az2"
            ]
          }
        }
      ]
    },
    {
      "module": "module.vpc",
      "mode": "data",
      "type": "aws_availability_zones",
      "name": "zone_available",
      "provider": "module.vpc.provider.aws",
      "instances": [
        {
          "schema_version": 0,
          "attributes": {
            "blacklisted_names": null,
            "blacklisted_zone_ids": null,
            "id": "2020-03-23 18:21:16.6038465 +0000 UTC",
            "names": [
              "eu-west-1a",
              "eu-west-1b",
              "eu-west-1c"
            ],
            "state": null,
            "zone_ids": [
              "euw1-az3",
              "euw1-az1",
              "euw1-az2"
            ]
          }
        }
      ]
    },
    {
      "mode": "data",
      "type": "template_file",
      "name": "app_init",
      "provider": "provider.template",
      "instances": [
        {
          "schema_version": 0,
          "attributes": {
            "filename": null,
            "id": "565fafb6cce4e867f83b7bb81e0bc588f4d6fe9ff5a95dcb205a177d34d9eea0",
            "rendered": "#!/bin/bash\r\n\r\ncd /home/ubuntu/app\r\necho DB_HOST='mongodb://mongod1:27017,mongodb://mongod2:27017,mongodb://mongod3:27017/posts?replicaSet=r0'\r\nnpm install\r\nnpm start\r\n\r\nsleep 60; sudo metricbeat setup\r\n",
            "template": "#!/bin/bash\r\n\r\ncd /home/ubuntu/app\r\necho DB_HOST='mongodb://mongod1:27017,mongodb://mongod2:27017,mongodb://mongod3:27017/posts?replicaSet=r0'\r\nnpm install\r\nnpm start\r\n\r\nsleep 60; sudo metricbeat setup\r\n",
            "vars": null
          }
        }
      ]
    },
    {
      "mode": "data",
      "type": "template_file",
      "name": "db2_init",
      "provider": "provider.template",
      "instances": [
        {
          "schema_version": 0,
          "attributes": {
            "filename": null,
            "id": "cb4ccdecf570d14626aaade73e6b751733d75e880f39b344b6f22cf9282f683d",
            "rendered": "#!/bin/bash\r\necho 'mongod1 172.16.10.104' \u003e\u003e /etc/hosts\r\necho 'mongod2 172.16.10.105' \u003e\u003e /etc/hosts\r\necho 'mongod3 172.16.10.106' \u003e\u003e /etc/hosts\r\nsudo systemctl enable mongod\r\nsudo systemctl start mongod\r\n",
            "template": "#!/bin/bash\r\necho 'mongod1 172.16.10.104' \u003e\u003e /etc/hosts\r\necho 'mongod2 172.16.10.105' \u003e\u003e /etc/hosts\r\necho 'mongod3 172.16.10.106' \u003e\u003e /etc/hosts\r\nsudo systemctl enable mongod\r\nsudo systemctl start mongod\r\n",
            "vars": null
          }
        }
      ]
    },
    {
      "mode": "data",
      "type": "template_file",
      "name": "db_init",
      "provider": "provider.template",
      "instances": [
        {
          "schema_version": 0,
          "attributes": {
            "filename": null,
            "id": "3b785fa01f47ba6122dbee93df8b31aeb9bc38d607bdfe8d3dca31766ba93dc2",
            "rendered": "#!/bin/bash\r\n\r\necho 'mongod1 172.16.10.104' \u003e\u003e /etc/hosts\r\necho 'mongod2 172.16.10.105' \u003e\u003e /etc/hosts\r\necho 'mongod3 172.16.10.106' \u003e\u003e /etc/hosts\r\nsudo systemctl enable mongod\r\nsudo systemctl start mongod\r\nmongo --eval \"rs.initiate( {\r\n   _id : \"rs0\",\r\n   members: [\r\n      { _id: 0, host: \"mongod1:27017\" },\r\n      { _id: 1, host: \"mongod2:27017\" },\r\n      { _id: 2, host: \"mongod3:27017\" }\r\n   ]\r\n})\" mongod1\r\n\r\nmongo --eval \"rs.status()\"\r\n",
            "template": "#!/bin/bash\r\n\r\necho 'mongod1 172.16.10.104' \u003e\u003e /etc/hosts\r\necho 'mongod2 172.16.10.105' \u003e\u003e /etc/hosts\r\necho 'mongod3 172.16.10.106' \u003e\u003e /etc/hosts\r\nsudo systemctl enable mongod\r\nsudo systemctl start mongod\r\nmongo --eval \"rs.initiate( {\r\n   _id : \"rs0\",\r\n   members: [\r\n      { _id: 0, host: \"mongod1:27017\" },\r\n      { _id: 1, host: \"mongod2:27017\" },\r\n      { _id: 2, host: \"mongod3:27017\" }\r\n   ]\r\n})\" mongod1\r\n\r\nmongo --eval \"rs.status()\"\r\n",
            "vars": null
          }
        }
      ]
    },
    {
      "module": "module.load_balancer",
      "mode": "managed",
      "type": "aws_autoscaling_attachment",
      "name": "asg_attachment",
      "provider": "module.load_balancer.provider.aws",
      "instances": [
        {
          "schema_version": 0,
          "attributes": {
            "alb_target_group_arn": "arn:aws:elasticloadbalancing:eu-west-1:135928476890:targetgroup/hamza-jason-eng53-tg1/56a793cab1c04a95",
            "autoscaling_group_name": "tf-asg-20200323182136313600000002",
            "elb": null,
            "id": "tf-asg-20200323182136313600000002-20200323182214748300000001"
          },
          "private": "bnVsbA==",
          "dependencies": [
            "module.Autoscaling.aws_autoscaling_group.hamza-jason-eng53-asg-1",
            "module.Autoscaling.aws_launch_configuration.hamza-jason-eng53-config1",
            "module.Autoscaling.aws_security_group.launch-config-asg-sg",
            "module.load_balancer.aws_lb_target_group.tg1",
            "module.vpc.aws_subnet.public_subnet",
            "module.vpc.aws_vpc.main"
          ]
        }
      ]
    },
    {
      "module": "module.Autoscaling",
      "mode": "managed",
      "type": "aws_autoscaling_group",
      "name": "hamza-jason-eng53-asg-1",
      "provider": "module.Autoscaling.provider.aws",
      "instances": [
        {
          "schema_version": 0,
          "attributes": {
            "arn": "arn:aws:autoscaling:eu-west-1:135928476890:autoScalingGroup:36bce8b6-fa27-46fd-96e6-0e9c6382afbb:autoScalingGroupName/tf-asg-20200323182136313600000002",
            "availability_zones": [
              "eu-west-1a",
              "eu-west-1b",
              "eu-west-1c"
            ],
            "default_cooldown": 300,
            "desired_capacity": 3,
            "enabled_metrics": null,
            "force_delete": false,
            "health_check_grace_period": 300,
            "health_check_type": "EC2",
            "id": "tf-asg-20200323182136313600000002",
            "initial_lifecycle_hook": [],
            "launch_configuration": "terraform-20200323182135729700000001",
            "launch_template": [],
            "load_balancers": [],
            "max_instance_lifetime": 0,
            "max_size": 3,
            "metrics_granularity": "1Minute",
            "min_elb_capacity": null,
            "min_size": 3,
            "mixed_instances_policy": [],
            "name": "tf-asg-20200323182136313600000002",
            "name_prefix": null,
            "placement_group": "",
            "protect_from_scale_in": false,
            "service_linked_role_arn": "arn:aws:iam::135928476890:role/aws-service-role/autoscaling.amazonaws.com/AWSServiceRoleForAutoScaling",
            "suspended_processes": null,
            "tag": [
              {
                "key": "Name",
                "propagate_at_launch": true,
                "value": "hamza-jason-eng53-app"
              }
            ],
            "tags": null,
            "target_group_arns": [],
            "termination_policies": null,
            "timeouts": null,
            "vpc_zone_identifier": [
              "subnet-049a6f88aa22ce730",
              "subnet-080caa174fb797725",
              "subnet-0a4135011d6af8368"
            ],
            "wait_for_capacity_timeout": "10m",
            "wait_for_elb_capacity": null
          },
          "private": "eyJlMmJmYjczMC1lY2FhLTExZTYtOGY4OC0zNDM2M2JjN2M0YzAiOnsiZGVsZXRlIjo2MDAwMDAwMDAwMDB9fQ==",
          "dependencies": [
            "module.Autoscaling.aws_launch_configuration.hamza-jason-eng53-config1",
            "module.Autoscaling.aws_security_group.launch-config-asg-sg",
            "module.vpc.aws_subnet.public_subnet",
            "module.vpc.aws_vpc.main"
          ]
        }
      ]
    },
    {
      "module": "module.vpc",
      "mode": "managed",
      "type": "aws_default_route_table",
      "name": "private_route_table",
      "provider": "module.vpc.provider.aws",
      "instances": [
        {
          "schema_version": 0,
          "attributes": {
            "default_route_table_id": "rtb-04657b3ff8d594fbd",
            "id": "rtb-04657b3ff8d594fbd",
            "owner_id": "135928476890",
            "propagating_vgws": null,
            "route": [
              {
                "cidr_block": "0.0.0.0/0",
                "egress_only_gateway_id": "",
                "gateway_id": "igw-01dcbb8bc0b528577",
                "instance_id": "",
                "ipv6_cidr_block": "",
                "nat_gateway_id": "",
                "network_interface_id": "",
                "transit_gateway_id": "",
                "vpc_peering_connection_id": ""
              }
            ],
            "tags": {
              "Name": "hamza-jason-Eng53-private-route-table"
            },
            "vpc_id": "vpc-0985ada2c37759926"
          },
          "private": "bnVsbA==",
          "dependencies": [
            "module.vpc.aws_internet_gateway.gw",
            "module.vpc.aws_vpc.main"
          ]
        }
      ]
    },
    {
      "module": "module.db",
      "mode": "managed",
      "type": "aws_instance",
      "name": "db_primary",
      "each": "list",
      "provider": "module.db.provider.aws",
      "instances": [
        {
          "index_key": 0,
          "schema_version": 1,
          "attributes": {
            "ami": "ami-0bef091281d85f90b",
            "arn": "arn:aws:ec2:eu-west-1:135928476890:instance/i-01fe87c849f497d3b",
            "associate_public_ip_address": false,
            "availability_zone": "eu-west-1a",
            "cpu_core_count": 1,
            "cpu_threads_per_core": 1,
            "credit_specification": [
              {
                "cpu_credits": "standard"
              }
            ],
            "disable_api_termination": false,
            "ebs_block_device": [],
            "ebs_optimized": false,
            "ephemeral_block_device": [],
            "get_password_data": false,
            "hibernation": false,
            "host_id": null,
            "iam_instance_profile": "",
            "id": "i-01fe87c849f497d3b",
            "instance_initiated_shutdown_behavior": null,
            "instance_state": "running",
            "instance_type": "t2.micro",
            "ipv6_address_count": 0,
            "ipv6_addresses": [],
            "key_name": "Hamza-ElAouane-Eng53-ire-key",
            "monitoring": false,
            "network_interface": [],
            "network_interface_id": null,
            "password_data": "",
            "placement_group": "",
            "primary_network_interface_id": "eni-0121a0728050b02f0",
            "private_dns": "ip-10-0-10-100.eu-west-1.compute.internal",
            "private_ip": "10.0.10.100",
            "public_dns": "",
            "public_ip": "",
            "root_block_device": [
              {
                "delete_on_termination": true,
                "encrypted": false,
                "iops": 100,
                "kms_key_id": "",
                "volume_id": "vol-045373629bf82cbc0",
                "volume_size": 8,
                "volume_type": "gp2"
              }
            ],
            "security_groups": [],
            "source_dest_check": true,
            "subnet_id": "subnet-092f3520944ae470f",
            "tags": {
              "Name": "hamza-jason-Eng53-db_primary-1"
            },
            "tenancy": "default",
            "timeouts": null,
            "user_data": "80b989a4bef64ebfef1dc4e6dc5652028252d68f",
            "user_data_base64": null,
            "volume_tags": {},
            "vpc_security_group_ids": [
              "sg-0961cd957f407dcf8"
            ]
          },
          "private": "eyJlMmJmYjczMC1lY2FhLTExZTYtOGY4OC0zNDM2M2JjN2M0YzAiOnsiY3JlYXRlIjo2MDAwMDAwMDAwMDAsImRlbGV0ZSI6MTIwMDAwMDAwMDAwMCwidXBkYXRlIjo2MDAwMDAwMDAwMDB9LCJzY2hlbWFfdmVyc2lvbiI6IjEifQ==",
          "dependencies": [
            "module.vpc.aws_security_group.sg_db",
            "module.vpc.aws_subnet.private_subnet",
            "module.vpc.aws_vpc.main"
          ]
        }
      ]
    },
    {
      "module": "module.elk",
      "mode": "managed",
      "type": "aws_instance",
      "name": "elastic_search",
      "each": "list",
      "provider": "module.elk.provider.aws",
      "instances": [
        {
          "index_key": 0,
          "schema_version": 1,
          "attributes": {
            "ami": "ami-0e2212b3311c42a29",
            "arn": "arn:aws:ec2:eu-west-1:135928476890:instance/i-0bb54b47ccc88009c",
            "associate_public_ip_address": true,
            "availability_zone": "eu-west-1a",
            "cpu_core_count": 1,
            "cpu_threads_per_core": 1,
            "credit_specification": [
              {
                "cpu_credits": "standard"
              }
            ],
            "disable_api_termination": false,
            "ebs_block_device": [],
            "ebs_optimized": false,
            "ephemeral_block_device": [],
            "get_password_data": false,
            "hibernation": false,
            "host_id": null,
            "iam_instance_profile": "",
            "id": "i-0bb54b47ccc88009c",
            "instance_initiated_shutdown_behavior": null,
            "instance_state": "running",
            "instance_type": "t2.small",
            "ipv6_address_count": 0,
            "ipv6_addresses": [],
            "key_name": "charlie-poullet-eng53-homepc",
            "monitoring": false,
            "network_interface": [],
            "network_interface_id": null,
            "password_data": "",
            "placement_group": "",
            "primary_network_interface_id": "eni-0027653ade83bf83b",
            "private_dns": "ip-10-0-13-100.eu-west-1.compute.internal",
            "private_ip": "10.0.13.100",
            "public_dns": "",
            "public_ip": "34.252.170.217",
            "root_block_device": [
              {
                "delete_on_termination": true,
                "encrypted": false,
                "iops": 100,
                "kms_key_id": "",
                "volume_id": "vol-0101b73cd91efe171",
                "volume_size": 8,
                "volume_type": "gp2"
              }
            ],
            "security_groups": [],
            "source_dest_check": true,
            "subnet_id": "subnet-0ff0f08b45f9e2253",
            "tags": {
              "Name": "hamza-jason-Eng53-elasticsearch-1"
            },
            "tenancy": "default",
            "timeouts": null,
            "user_data": null,
            "user_data_base64": null,
            "volume_tags": {},
            "vpc_security_group_ids": [
              "sg-02a8ace60aa09ead9"
            ]
          },
          "private": "eyJlMmJmYjczMC1lY2FhLTExZTYtOGY4OC0zNDM2M2JjN2M0YzAiOnsiY3JlYXRlIjo2MDAwMDAwMDAwMDAsImRlbGV0ZSI6MTIwMDAwMDAwMDAwMCwidXBkYXRlIjo2MDAwMDAwMDAwMDB9LCJzY2hlbWFfdmVyc2lvbiI6IjEifQ==",
          "dependencies": [
            "module.vpc.aws_security_group.sg_k",
            "module.vpc.aws_subnet.public_subnet_elk",
            "module.vpc.aws_vpc.main"
          ]
        }
      ]
    },
    {
      "module": "module.elk",
      "mode": "managed",
      "type": "aws_instance",
      "name": "kibana",
      "each": "list",
      "provider": "module.elk.provider.aws",
      "instances": [
        {
          "index_key": 0,
          "schema_version": 1,
          "attributes": {
            "ami": "ami-0ff0f7f795ad437c7",
            "arn": "arn:aws:ec2:eu-west-1:135928476890:instance/i-077a7ee29e8b4eb86",
            "associate_public_ip_address": true,
            "availability_zone": "eu-west-1a",
            "cpu_core_count": 1,
            "cpu_threads_per_core": 1,
            "credit_specification": [
              {
                "cpu_credits": "standard"
              }
            ],
            "disable_api_termination": false,
            "ebs_block_device": [],
            "ebs_optimized": false,
            "ephemeral_block_device": [],
            "get_password_data": false,
            "hibernation": false,
            "host_id": null,
            "iam_instance_profile": "",
            "id": "i-077a7ee29e8b4eb86",
            "instance_initiated_shutdown_behavior": null,
            "instance_state": "running",
            "instance_type": "t2.small",
            "ipv6_address_count": 0,
            "ipv6_addresses": [],
            "key_name": "charlie-poullet-eng53-homepc",
            "monitoring": false,
            "network_interface": [],
            "network_interface_id": null,
            "password_data": "",
            "placement_group": "",
            "primary_network_interface_id": "eni-04cc0c47bac463bf8",
            "private_dns": "ip-10-0-13-101.eu-west-1.compute.internal",
            "private_ip": "10.0.13.101",
            "public_dns": "",
            "public_ip": "3.248.194.200",
            "root_block_device": [
              {
                "delete_on_termination": true,
                "encrypted": false,
                "iops": 100,
                "kms_key_id": "",
                "volume_id": "vol-0b698b97cc0d9699d",
                "volume_size": 8,
                "volume_type": "gp2"
              }
            ],
            "security_groups": [],
            "source_dest_check": true,
            "subnet_id": "subnet-0ff0f08b45f9e2253",
            "tags": {
              "Name": "hamza-jason-Eng53-kibana-1"
            },
            "tenancy": "default",
            "timeouts": null,
            "user_data": null,
            "user_data_base64": null,
            "volume_tags": {},
            "vpc_security_group_ids": [
              "sg-02a8ace60aa09ead9"
            ]
          },
          "private": "eyJlMmJmYjczMC1lY2FhLTExZTYtOGY4OC0zNDM2M2JjN2M0YzAiOnsiY3JlYXRlIjo2MDAwMDAwMDAwMDAsImRlbGV0ZSI6MTIwMDAwMDAwMDAwMCwidXBkYXRlIjo2MDAwMDAwMDAwMDB9LCJzY2hlbWFfdmVyc2lvbiI6IjEifQ==",
          "dependencies": [
            "module.vpc.aws_security_group.sg_k",
            "module.vpc.aws_subnet.public_subnet_elk",
            "module.vpc.aws_vpc.main"
          ]
        }
      ]
    },
    {
      "module": "module.elk",
      "mode": "managed",
      "type": "aws_instance",
      "name": "logstash",
      "each": "list",
      "provider": "module.elk.provider.aws",
      "instances": [
        {
          "index_key": 0,
          "schema_version": 1,
          "attributes": {
            "ami": "ami-0372c9486de525240",
            "arn": "arn:aws:ec2:eu-west-1:135928476890:instance/i-0636bf90806c382f1",
            "associate_public_ip_address": true,
            "availability_zone": "eu-west-1a",
            "cpu_core_count": 1,
            "cpu_threads_per_core": 1,
            "credit_specification": [
              {
                "cpu_credits": "standard"
              }
            ],
            "disable_api_termination": false,
            "ebs_block_device": [],
            "ebs_optimized": false,
            "ephemeral_block_device": [],
            "get_password_data": false,
            "hibernation": false,
            "host_id": null,
            "iam_instance_profile": "",
            "id": "i-0636bf90806c382f1",
            "instance_initiated_shutdown_behavior": null,
            "instance_state": "running",
            "instance_type": "t2.small",
            "ipv6_address_count": 0,
            "ipv6_addresses": [],
            "key_name": "charlie-poullet-eng53-homepc",
            "monitoring": false,
            "network_interface": [],
            "network_interface_id": null,
            "password_data": "",
            "placement_group": "",
            "primary_network_interface_id": "eni-08862586b5bdeece7",
            "private_dns": "ip-10-0-13-102.eu-west-1.compute.internal",
            "private_ip": "10.0.13.102",
            "public_dns": "",
            "public_ip": "34.249.204.126",
            "root_block_device": [
              {
                "delete_on_termination": true,
                "encrypted": false,
                "iops": 100,
                "kms_key_id": "",
                "volume_id": "vol-065ce480dcf6c08a3",
                "volume_size": 8,
                "volume_type": "gp2"
              }
            ],
            "security_groups": [],
            "source_dest_check": true,
            "subnet_id": "subnet-0ff0f08b45f9e2253",
            "tags": {
              "Name": "hamza-jason-Eng53-logstash-1"
            },
            "tenancy": "default",
            "timeouts": null,
            "user_data": null,
            "user_data_base64": null,
            "volume_tags": {},
            "vpc_security_group_ids": [
              "sg-02a8ace60aa09ead9"
            ]
          },
          "private": "eyJlMmJmYjczMC1lY2FhLTExZTYtOGY4OC0zNDM2M2JjN2M0YzAiOnsiY3JlYXRlIjo2MDAwMDAwMDAwMDAsImRlbGV0ZSI6MTIwMDAwMDAwMDAwMCwidXBkYXRlIjo2MDAwMDAwMDAwMDB9LCJzY2hlbWFfdmVyc2lvbiI6IjEifQ==",
          "dependencies": [
            "module.vpc.aws_security_group.sg_k",
            "module.vpc.aws_subnet.public_subnet_elk",
            "module.vpc.aws_vpc.main"
          ]
        }
      ]
    },
    {
      "module": "module.vpc",
      "mode": "managed",
      "type": "aws_internet_gateway",
      "name": "gw",
      "provider": "module.vpc.provider.aws",
      "instances": [
        {
          "schema_version": 0,
          "attributes": {
            "id": "igw-01dcbb8bc0b528577",
            "owner_id": "135928476890",
            "tags": {
              "Name": "hamza-jason-Eng53-igw"
            },
            "vpc_id": "vpc-0985ada2c37759926"
          },
          "private": "bnVsbA==",
          "dependencies": [
            "module.vpc.aws_vpc.main"
          ]
        }
      ]
    },
    {
      "module": "module.Autoscaling",
      "mode": "managed",
      "type": "aws_launch_configuration",
      "name": "hamza-jason-eng53-config1",
      "provider": "module.Autoscaling.provider.aws",
      "instances": [
        {
          "schema_version": 0,
          "attributes": {
            "arn": "arn:aws:autoscaling:eu-west-1:135928476890:launchConfiguration:a37682a6-80cc-4cd2-9a5d-b68ba485c3e1:launchConfigurationName/terraform-20200323182135729700000001",
            "associate_public_ip_address": true,
            "ebs_block_device": [],
            "ebs_optimized": false,
            "enable_monitoring": true,
            "ephemeral_block_device": [],
            "iam_instance_profile": "",
            "id": "terraform-20200323182135729700000001",
            "image_id": "ami-026d52f470975f02e",
            "instance_type": "t2.micro",
            "key_name": "charlie-poullet-eng53-homepc",
            "name": "terraform-20200323182135729700000001",
            "name_prefix": null,
            "placement_tenancy": null,
            "root_block_device": [],
            "security_groups": [
              "sg-00d71e2486d30cf71"
            ],
            "spot_price": "",
            "user_data": "768c41641cdc08a421f9249b894ef56ab271257a",
            "user_data_base64": null,
            "vpc_classic_link_id": "",
            "vpc_classic_link_security_groups": null
          },
          "private": "bnVsbA==",
          "dependencies": [
            "module.Autoscaling.aws_security_group.launch-config-asg-sg",
            "module.vpc.aws_vpc.main"
          ]
        }
      ]
    },
    {
      "module": "module.load_balancer",
      "mode": "managed",
      "type": "aws_lb",
      "name": "lb",
      "provider": "module.load_balancer.provider.aws",
      "instances": [
        {
          "schema_version": 0,
          "attributes": {
            "access_logs": [
              {
                "bucket": "",
                "enabled": false,
                "prefix": ""
              }
            ],
            "arn": "arn:aws:elasticloadbalancing:eu-west-1:135928476890:loadbalancer/app/hamza-jason-eng53-lb/338c0cf7373cc9f2",
            "arn_suffix": "app/hamza-jason-eng53-lb/338c0cf7373cc9f2",
            "dns_name": "hamza-jason-eng53-lb-148788922.eu-west-1.elb.amazonaws.com",
            "drop_invalid_header_fields": false,
            "enable_cross_zone_load_balancing": null,
            "enable_deletion_protection": false,
            "enable_http2": true,
            "id": "arn:aws:elasticloadbalancing:eu-west-1:135928476890:loadbalancer/app/hamza-jason-eng53-lb/338c0cf7373cc9f2",
            "idle_timeout": 60,
            "internal": false,
            "ip_address_type": "ipv4",
            "load_balancer_type": "application",
            "name": "hamza-jason-eng53-lb",
            "name_prefix": null,
            "security_groups": [
              "sg-06594cb113f5abbb0"
            ],
            "subnet_mapping": [
              {
                "allocation_id": "",
                "subnet_id": "subnet-049a6f88aa22ce730"
              },
              {
                "allocation_id": "",
                "subnet_id": "subnet-080caa174fb797725"
              },
              {
                "allocation_id": "",
                "subnet_id": "subnet-0a4135011d6af8368"
              }
            ],
            "subnets": [
              "subnet-049a6f88aa22ce730",
              "subnet-080caa174fb797725",
              "subnet-0a4135011d6af8368"
            ],
            "tags": null,
            "timeouts": null,
            "vpc_id": "vpc-0985ada2c37759926",
            "zone_id": "Z32O12XQLNTSW2"
          },
          "private": "eyJlMmJmYjczMC1lY2FhLTExZTYtOGY4OC0zNDM2M2JjN2M0YzAiOnsiY3JlYXRlIjo2MDAwMDAwMDAwMDAsImRlbGV0ZSI6NjAwMDAwMDAwMDAwLCJ1cGRhdGUiOjYwMDAwMDAwMDAwMH19",
          "dependencies": [
            "module.load_balancer.aws_security_group.lb_sg",
            "module.vpc.aws_subnet.public_subnet",
            "module.vpc.aws_vpc.main"
          ]
        }
      ]
    },
    {
      "module": "module.load_balancer",
      "mode": "managed",
      "type": "aws_lb_listener",
      "name": "lb_listener",
      "provider": "module.load_balancer.provider.aws",
      "instances": [
        {
          "schema_version": 0,
          "attributes": {
            "arn": "arn:aws:elasticloadbalancing:eu-west-1:135928476890:listener/app/hamza-jason-eng53-lb/338c0cf7373cc9f2/3610d00ad408ad0c",
            "certificate_arn": null,
            "default_action": [
              {
                "authenticate_cognito": [],
                "authenticate_oidc": [],
                "fixed_response": [],
                "order": 1,
                "redirect": [],
                "target_group_arn": "arn:aws:elasticloadbalancing:eu-west-1:135928476890:targetgroup/hamza-jason-eng53-tg1/56a793cab1c04a95",
                "type": "forward"
              }
            ],
            "id": "arn:aws:elasticloadbalancing:eu-west-1:135928476890:listener/app/hamza-jason-eng53-lb/338c0cf7373cc9f2/3610d00ad408ad0c",
            "load_balancer_arn": "arn:aws:elasticloadbalancing:eu-west-1:135928476890:loadbalancer/app/hamza-jason-eng53-lb/338c0cf7373cc9f2",
            "port": 80,
            "protocol": "HTTP",
            "ssl_policy": "",
            "timeouts": null
          },
          "private": "eyJlMmJmYjczMC1lY2FhLTExZTYtOGY4OC0zNDM2M2JjN2M0YzAiOnsicmVhZCI6NjAwMDAwMDAwMDAwfX0=",
          "dependencies": [
            "module.load_balancer.aws_lb.lb",
            "module.load_balancer.aws_lb_target_group.tg1",
            "module.load_balancer.aws_security_group.lb_sg",
            "module.vpc.aws_subnet.public_subnet",
            "module.vpc.aws_vpc.main"
          ]
        }
      ]
    },
    {
      "module": "module.load_balancer",
      "mode": "managed",
      "type": "aws_lb_target_group",
      "name": "tg1",
      "provider": "module.load_balancer.provider.aws",
      "instances": [
        {
          "schema_version": 0,
          "attributes": {
            "arn": "arn:aws:elasticloadbalancing:eu-west-1:135928476890:targetgroup/hamza-jason-eng53-tg1/56a793cab1c04a95",
            "arn_suffix": "targetgroup/hamza-jason-eng53-tg1/56a793cab1c04a95",
            "deregistration_delay": 300,
            "health_check": [
              {
                "enabled": true,
                "healthy_threshold": 5,
                "interval": 30,
                "matcher": "200",
                "path": "/",
                "port": "traffic-port",
                "protocol": "HTTP",
                "timeout": 5,
                "unhealthy_threshold": 2
              }
            ],
            "id": "arn:aws:elasticloadbalancing:eu-west-1:135928476890:targetgroup/hamza-jason-eng53-tg1/56a793cab1c04a95",
            "lambda_multi_value_headers_enabled": false,
            "load_balancing_algorithm_type": "round_robin",
            "name": "hamza-jason-eng53-tg1",
            "name_prefix": null,
            "port": 80,
            "protocol": "HTTP",
            "proxy_protocol_v2": false,
            "slow_start": 0,
            "stickiness": [
              {
                "cookie_duration": 86400,
                "enabled": false,
                "type": "lb_cookie"
              }
            ],
            "tags": null,
            "target_type": "instance",
            "vpc_id": "vpc-0985ada2c37759926"
          },
          "private": "bnVsbA==",
          "dependencies": [
            "module.vpc.aws_vpc.main"
          ]
        }
      ]
    },
    {
      "module": "module.vpc",
      "mode": "managed",
      "type": "aws_route_table",
      "name": "public_route_table",
      "provider": "module.vpc.provider.aws",
      "instances": [
        {
          "schema_version": 0,
          "attributes": {
            "id": "rtb-007c8db7966e9ad9e",
            "owner_id": "135928476890",
            "propagating_vgws": [],
            "route": [],
            "tags": {
              "Name": "hamza-jason-Eng53-public-route-table"
            },
            "vpc_id": "vpc-0985ada2c37759926"
          },
          "private": "bnVsbA==",
          "dependencies": [
            "module.vpc.aws_vpc.main"
          ]
        }
      ]
    },
    {
      "module": "module.vpc",
      "mode": "managed",
      "type": "aws_route_table_association",
      "name": "private_subnet_assoc",
      "each": "list",
      "provider": "module.vpc.provider.aws",
      "instances": [
        {
          "index_key": 0,
          "schema_version": 0,
          "attributes": {
            "gateway_id": null,
            "id": "rtbassoc-0643e515e026daa16",
            "route_table_id": "rtb-04657b3ff8d594fbd",
            "subnet_id": "subnet-092f3520944ae470f"
          },
          "private": "bnVsbA==",
          "dependencies": [
            "module.vpc.aws_default_route_table.private_route_table",
            "module.vpc.aws_internet_gateway.gw",
            "module.vpc.aws_subnet.private_subnet",
            "module.vpc.aws_vpc.main"
          ]
        },
        {
          "index_key": 1,
          "schema_version": 0,
          "attributes": {
            "gateway_id": null,
            "id": "rtbassoc-0bb94088845bc50ff",
            "route_table_id": "rtb-04657b3ff8d594fbd",
            "subnet_id": "subnet-01d256d485920fbdd"
          },
          "private": "bnVsbA==",
          "dependencies": [
            "module.vpc.aws_default_route_table.private_route_table",
            "module.vpc.aws_internet_gateway.gw",
            "module.vpc.aws_subnet.private_subnet",
            "module.vpc.aws_vpc.main"
          ]
        },
        {
          "index_key": 2,
          "schema_version": 0,
          "attributes": {
            "gateway_id": null,
            "id": "rtbassoc-0911df2ba77cb06c7",
            "route_table_id": "rtb-04657b3ff8d594fbd",
            "subnet_id": "subnet-00c725c73566217a3"
          },
          "private": "bnVsbA==",
          "dependencies": [
            "module.vpc.aws_default_route_table.private_route_table",
            "module.vpc.aws_internet_gateway.gw",
            "module.vpc.aws_subnet.private_subnet",
            "module.vpc.aws_vpc.main"
          ]
        }
      ]
    },
    {
      "module": "module.vpc",
      "mode": "managed",
      "type": "aws_route_table_association",
      "name": "public_subnet_assoc",
      "each": "list",
      "provider": "module.vpc.provider.aws",
      "instances": [
        {
          "index_key": 0,
          "schema_version": 0,
          "attributes": {
            "gateway_id": null,
            "id": "rtbassoc-0eb481f1f103e16e9",
            "route_table_id": "rtb-007c8db7966e9ad9e",
            "subnet_id": "subnet-0a4135011d6af8368"
          },
          "private": "bnVsbA==",
          "dependencies": [
            "module.vpc.aws_route_table.public_route_table",
            "module.vpc.aws_subnet.public_subnet",
            "module.vpc.aws_vpc.main"
          ]
        },
        {
          "index_key": 1,
          "schema_version": 0,
          "attributes": {
            "gateway_id": null,
            "id": "rtbassoc-05fa8dd15e14de999",
            "route_table_id": "rtb-007c8db7966e9ad9e",
            "subnet_id": "subnet-049a6f88aa22ce730"
          },
          "private": "bnVsbA==",
          "dependencies": [
            "module.vpc.aws_route_table.public_route_table",
            "module.vpc.aws_subnet.public_subnet",
            "module.vpc.aws_vpc.main"
          ]
        },
        {
          "index_key": 2,
          "schema_version": 0,
          "attributes": {
            "gateway_id": null,
            "id": "rtbassoc-06b0af36a9d076b37",
            "route_table_id": "rtb-007c8db7966e9ad9e",
            "subnet_id": "subnet-080caa174fb797725"
          },
          "private": "bnVsbA==",
          "dependencies": [
            "module.vpc.aws_route_table.public_route_table",
            "module.vpc.aws_subnet.public_subnet",
            "module.vpc.aws_vpc.main"
          ]
        }
      ]
    },
    {
      "module": "module.Autoscaling",
      "mode": "managed",
      "type": "aws_security_group",
      "name": "launch-config-asg-sg",
      "provider": "module.Autoscaling.provider.aws",
      "instances": [
        {
          "schema_version": 1,
          "attributes": {
            "arn": "arn:aws:ec2:eu-west-1:135928476890:security-group/sg-00d71e2486d30cf71",
            "description": "Managed by Terraform",
            "egress": [],
            "id": "sg-00d71e2486d30cf71",
            "ingress": [],
            "name": "launch-config-asg-sg",
            "name_prefix": null,
            "owner_id": "135928476890",
            "revoke_rules_on_delete": false,
            "tags": null,
            "timeouts": null,
            "vpc_id": "vpc-0985ada2c37759926"
          },
          "private": "eyJlMmJmYjczMC1lY2FhLTExZTYtOGY4OC0zNDM2M2JjN2M0YzAiOnsiY3JlYXRlIjo2MDAwMDAwMDAwMDAsImRlbGV0ZSI6NjAwMDAwMDAwMDAwfSwic2NoZW1hX3ZlcnNpb24iOiIxIn0=",
          "dependencies": [
            "module.vpc.aws_vpc.main"
          ]
        }
      ]
    },
    {
      "module": "module.load_balancer",
      "mode": "managed",
      "type": "aws_security_group",
      "name": "lb_sg",
      "provider": "module.load_balancer.provider.aws",
      "instances": [
        {
          "schema_version": 1,
          "attributes": {
            "arn": "arn:aws:ec2:eu-west-1:135928476890:security-group/sg-06594cb113f5abbb0",
            "description": "Managed by Terraform",
            "egress": [],
            "id": "sg-06594cb113f5abbb0",
            "ingress": [],
            "name": "lb_sg",
            "name_prefix": null,
            "owner_id": "135928476890",
            "revoke_rules_on_delete": false,
            "tags": null,
            "timeouts": null,
            "vpc_id": "vpc-0985ada2c37759926"
          },
          "private": "eyJlMmJmYjczMC1lY2FhLTExZTYtOGY4OC0zNDM2M2JjN2M0YzAiOnsiY3JlYXRlIjo2MDAwMDAwMDAwMDAsImRlbGV0ZSI6NjAwMDAwMDAwMDAwfSwic2NoZW1hX3ZlcnNpb24iOiIxIn0=",
          "dependencies": [
            "module.vpc.aws_vpc.main"
          ]
        }
      ]
    },
    {
      "module": "module.vpc",
      "mode": "managed",
      "type": "aws_security_group",
      "name": "sg_db",
      "provider": "module.vpc.provider.aws",
      "instances": [
        {
          "schema_version": 1,
          "attributes": {
            "arn": "arn:aws:ec2:eu-west-1:135928476890:security-group/sg-0961cd957f407dcf8",
            "description": "Managed by Terraform",
            "egress": [],
            "id": "sg-0961cd957f407dcf8",
            "ingress": [],
            "name": "hamza-jason-Eng53-sg-db",
            "name_prefix": null,
            "owner_id": "135928476890",
            "revoke_rules_on_delete": false,
            "tags": null,
            "timeouts": null,
            "vpc_id": "vpc-0985ada2c37759926"
          },
          "private": "eyJlMmJmYjczMC1lY2FhLTExZTYtOGY4OC0zNDM2M2JjN2M0YzAiOnsiY3JlYXRlIjo2MDAwMDAwMDAwMDAsImRlbGV0ZSI6NjAwMDAwMDAwMDAwfSwic2NoZW1hX3ZlcnNpb24iOiIxIn0=",
          "dependencies": [
            "module.vpc.aws_vpc.main"
          ]
        }
      ]
    },
    {
      "module": "module.vpc",
      "mode": "managed",
      "type": "aws_security_group",
      "name": "sg_el",
      "provider": "module.vpc.provider.aws",
      "instances": [
        {
          "schema_version": 1,
          "attributes": {
            "arn": "arn:aws:ec2:eu-west-1:135928476890:security-group/sg-0e6a6edd53e533015",
            "description": "Managed by Terraform",
            "egress": [],
            "id": "sg-0e6a6edd53e533015",
            "ingress": [],
            "name": "hamza-jason-Eng53-sg_el",
            "name_prefix": null,
            "owner_id": "135928476890",
            "revoke_rules_on_delete": false,
            "tags": null,
            "timeouts": null,
            "vpc_id": "vpc-0985ada2c37759926"
          },
          "private": "eyJlMmJmYjczMC1lY2FhLTExZTYtOGY4OC0zNDM2M2JjN2M0YzAiOnsiY3JlYXRlIjo2MDAwMDAwMDAwMDAsImRlbGV0ZSI6NjAwMDAwMDAwMDAwfSwic2NoZW1hX3ZlcnNpb24iOiIxIn0=",
          "dependencies": [
            "module.vpc.aws_vpc.main"
          ]
        }
      ]
    },
    {
      "module": "module.vpc",
      "mode": "managed",
      "type": "aws_security_group",
      "name": "sg_k",
      "provider": "module.vpc.provider.aws",
      "instances": [
        {
          "schema_version": 1,
          "attributes": {
            "arn": "arn:aws:ec2:eu-west-1:135928476890:security-group/sg-02a8ace60aa09ead9",
            "description": "Managed by Terraform",
            "egress": [],
            "id": "sg-02a8ace60aa09ead9",
            "ingress": [],
            "name": "hamza-jason-Eng53-sg-k",
            "name_prefix": null,
            "owner_id": "135928476890",
            "revoke_rules_on_delete": false,
            "tags": null,
            "timeouts": null,
            "vpc_id": "vpc-0985ada2c37759926"
          },
          "private": "eyJlMmJmYjczMC1lY2FhLTExZTYtOGY4OC0zNDM2M2JjN2M0YzAiOnsiY3JlYXRlIjo2MDAwMDAwMDAwMDAsImRlbGV0ZSI6NjAwMDAwMDAwMDAwfSwic2NoZW1hX3ZlcnNpb24iOiIxIn0=",
          "dependencies": [
            "module.vpc.aws_vpc.main"
          ]
        }
      ]
    },
    {
      "module": "module.vpc",
      "mode": "managed",
      "type": "aws_security_group_rule",
      "name": "el_eph_inbound_access",
      "provider": "module.vpc.provider.aws",
      "instances": [
        {
          "schema_version": 2,
          "attributes": {
            "cidr_blocks": [
              "10.0.0.0/16"
            ],
            "description": null,
            "from_port": 1024,
            "id": "sgrule-263256261",
            "ipv6_cidr_blocks": null,
            "prefix_list_ids": null,
            "protocol": "tcp",
            "security_group_id": "sg-0e6a6edd53e533015",
            "self": false,
            "source_security_group_id": null,
            "to_port": 65535,
            "type": "ingress"
          },
          "private": "eyJzY2hlbWFfdmVyc2lvbiI6IjIifQ==",
          "dependencies": [
            "module.vpc.aws_security_group.sg_el",
            "module.vpc.aws_vpc.main"
          ]
        }
      ]
    },
    {
      "module": "module.vpc",
      "mode": "managed",
      "type": "aws_security_group_rule",
      "name": "el_eph_outbound_access",
      "provider": "module.vpc.provider.aws",
      "instances": [
        {
          "schema_version": 2,
          "attributes": {
            "cidr_blocks": [
              "10.0.0.0/16"
            ],
            "description": null,
            "from_port": 1024,
            "id": "sgrule-1018627505",
            "ipv6_cidr_blocks": null,
            "prefix_list_ids": null,
            "protocol": "tcp",
            "security_group_id": "sg-0e6a6edd53e533015",
            "self": false,
            "source_security_group_id": null,
            "to_port": 65535,
            "type": "egress"
          },
          "private": "eyJzY2hlbWFfdmVyc2lvbiI6IjIifQ==",
          "dependencies": [
            "module.vpc.aws_security_group.sg_el",
            "module.vpc.aws_vpc.main"
          ]
        }
      ]
    },
    {
      "module": "module.load_balancer",
      "mode": "managed",
      "type": "aws_security_group_rule",
      "name": "inbound_http",
      "provider": "module.load_balancer.provider.aws",
      "instances": [
        {
          "schema_version": 2,
          "attributes": {
            "cidr_blocks": [
              "0.0.0.0/0"
            ],
            "description": null,
            "from_port": 80,
            "id": "sgrule-4250973349",
            "ipv6_cidr_blocks": null,
            "prefix_list_ids": null,
            "protocol": "tcp",
            "security_group_id": "sg-06594cb113f5abbb0",
            "self": false,
            "source_security_group_id": null,
            "to_port": 80,
            "type": "ingress"
          },
          "private": "eyJzY2hlbWFfdmVyc2lvbiI6IjIifQ==",
          "dependencies": [
            "module.load_balancer.aws_security_group.lb_sg",
            "module.vpc.aws_vpc.main"
          ]
        }
      ]
    },
    {
      "module": "module.Autoscaling",
      "mode": "managed",
      "type": "aws_security_group_rule",
      "name": "inbound_http",
      "provider": "module.Autoscaling.provider.aws",
      "instances": [
        {
          "schema_version": 2,
          "attributes": {
            "cidr_blocks": [
              "0.0.0.0/0"
            ],
            "description": null,
            "from_port": 80,
            "id": "sgrule-1266135643",
            "ipv6_cidr_blocks": null,
            "prefix_list_ids": null,
            "protocol": "tcp",
            "security_group_id": "sg-00d71e2486d30cf71",
            "self": false,
            "source_security_group_id": null,
            "to_port": 80,
            "type": "ingress"
          },
          "private": "eyJzY2hlbWFfdmVyc2lvbiI6IjIifQ==",
          "dependencies": [
            "module.Autoscaling.aws_security_group.launch-config-asg-sg",
            "module.vpc.aws_vpc.main"
          ]
        }
      ]
    },
    {
      "module": "module.vpc",
      "mode": "managed",
      "type": "aws_security_group_rule",
      "name": "k_all_inbound_access",
      "provider": "module.vpc.provider.aws",
      "instances": [
        {
          "schema_version": 2,
          "attributes": {
            "cidr_blocks": [
              "188.213.137.212/32"
            ],
            "description": null,
            "from_port": 1024,
            "id": "sgrule-2015331823",
            "ipv6_cidr_blocks": null,
            "prefix_list_ids": null,
            "protocol": "-1",
            "security_group_id": "sg-02a8ace60aa09ead9",
            "self": false,
            "source_security_group_id": null,
            "to_port": 65535,
            "type": "ingress"
          },
          "private": "eyJzY2hlbWFfdmVyc2lvbiI6IjIifQ==",
          "dependencies": [
            "module.vpc.aws_security_group.sg_k",
            "module.vpc.aws_vpc.main"
          ]
        }
      ]
    },
    {
      "module": "module.vpc",
      "mode": "managed",
      "type": "aws_security_group_rule",
      "name": "k_all_outbound_access",
      "provider": "module.vpc.provider.aws",
      "instances": [
        {
          "schema_version": 2,
          "attributes": {
            "cidr_blocks": [
              "188.213.137.212/32"
            ],
            "description": null,
            "from_port": 1024,
            "id": "sgrule-1653534051",
            "ipv6_cidr_blocks": null,
            "prefix_list_ids": null,
            "protocol": "-1",
            "security_group_id": "sg-02a8ace60aa09ead9",
            "self": false,
            "source_security_group_id": null,
            "to_port": 65535,
            "type": "egress"
          },
          "private": "eyJzY2hlbWFfdmVyc2lvbiI6IjIifQ==",
          "dependencies": [
            "module.vpc.aws_security_group.sg_k",
            "module.vpc.aws_vpc.main"
          ]
        }
      ]
    },
    {
      "module": "module.vpc",
      "mode": "managed",
      "type": "aws_security_group_rule",
      "name": "k_eph_inbound_access",
      "provider": "module.vpc.provider.aws",
      "instances": [
        {
          "schema_version": 2,
          "attributes": {
            "cidr_blocks": [
              "10.0.0.0/16"
            ],
            "description": null,
            "from_port": 1024,
            "id": "sgrule-834458144",
            "ipv6_cidr_blocks": null,
            "prefix_list_ids": null,
            "protocol": "tcp",
            "security_group_id": "sg-02a8ace60aa09ead9",
            "self": false,
            "source_security_group_id": null,
            "to_port": 65535,
            "type": "ingress"
          },
          "private": "eyJzY2hlbWFfdmVyc2lvbiI6IjIifQ==",
          "dependencies": [
            "module.vpc.aws_security_group.sg_k",
            "module.vpc.aws_vpc.main"
          ]
        }
      ]
    },
    {
      "module": "module.vpc",
      "mode": "managed",
      "type": "aws_security_group_rule",
      "name": "k_eph_outbound_access",
      "provider": "module.vpc.provider.aws",
      "instances": [
        {
          "schema_version": 2,
          "attributes": {
            "cidr_blocks": [
              "10.0.0.0/16"
            ],
            "description": null,
            "from_port": 1024,
            "id": "sgrule-1592408918",
            "ipv6_cidr_blocks": null,
            "prefix_list_ids": null,
            "protocol": "tcp",
            "security_group_id": "sg-02a8ace60aa09ead9",
            "self": false,
            "source_security_group_id": null,
            "to_port": 65535,
            "type": "egress"
          },
          "private": "eyJzY2hlbWFfdmVyc2lvbiI6IjIifQ==",
          "dependencies": [
            "module.vpc.aws_security_group.sg_k",
            "module.vpc.aws_vpc.main"
          ]
        }
      ]
    },
    {
      "module": "module.vpc",
      "mode": "managed",
      "type": "aws_security_group_rule",
      "name": "mongo_all_outbound_access",
      "provider": "module.vpc.provider.aws",
      "instances": [
        {
          "schema_version": 2,
          "attributes": {
            "cidr_blocks": [
              "10.0.0.0/16"
            ],
            "description": null,
            "from_port": 0,
            "id": "sgrule-2952877122",
            "ipv6_cidr_blocks": null,
            "prefix_list_ids": null,
            "protocol": "-1",
            "security_group_id": "sg-0961cd957f407dcf8",
            "self": false,
            "source_security_group_id": null,
            "to_port": 0,
            "type": "egress"
          },
          "private": "eyJzY2hlbWFfdmVyc2lvbiI6IjIifQ==",
          "dependencies": [
            "module.vpc.aws_security_group.sg_db",
            "module.vpc.aws_vpc.main"
          ]
        }
      ]
    },
    {
      "module": "module.vpc",
      "mode": "managed",
      "type": "aws_security_group_rule",
      "name": "mongod_inbound_access",
      "provider": "module.vpc.provider.aws",
      "instances": [
        {
          "schema_version": 2,
          "attributes": {
            "cidr_blocks": [
              "0.0.0.0/0"
            ],
            "description": null,
            "from_port": 27017,
            "id": "sgrule-3121970978",
            "ipv6_cidr_blocks": null,
            "prefix_list_ids": null,
            "protocol": "tcp",
            "security_group_id": "sg-0961cd957f407dcf8",
            "self": false,
            "source_security_group_id": null,
            "to_port": 27017,
            "type": "ingress"
          },
          "private": "eyJzY2hlbWFfdmVyc2lvbiI6IjIifQ==",
          "dependencies": [
            "module.vpc.aws_security_group.sg_db",
            "module.vpc.aws_vpc.main"
          ]
        }
      ]
    },
    {
      "module": "module.load_balancer",
      "mode": "managed",
      "type": "aws_security_group_rule",
      "name": "outbound_all",
      "provider": "module.load_balancer.provider.aws",
      "instances": [
        {
          "schema_version": 2,
          "attributes": {
            "cidr_blocks": [
              "0.0.0.0/0"
            ],
            "description": null,
            "from_port": 0,
            "id": "sgrule-2581164319",
            "ipv6_cidr_blocks": null,
            "prefix_list_ids": null,
            "protocol": "-1",
            "security_group_id": "sg-06594cb113f5abbb0",
            "self": false,
            "source_security_group_id": null,
            "to_port": 0,
            "type": "egress"
          },
          "private": "eyJzY2hlbWFfdmVyc2lvbiI6IjIifQ==",
          "dependencies": [
            "module.load_balancer.aws_security_group.lb_sg",
            "module.vpc.aws_vpc.main"
          ]
        }
      ]
    },
    {
      "module": "module.Autoscaling",
      "mode": "managed",
      "type": "aws_security_group_rule",
      "name": "outbound_all",
      "provider": "module.Autoscaling.provider.aws",
      "instances": [
        {
          "schema_version": 2,
          "attributes": {
            "cidr_blocks": [
              "0.0.0.0/0"
            ],
            "description": null,
            "from_port": 0,
            "id": "sgrule-1935002601",
            "ipv6_cidr_blocks": null,
            "prefix_list_ids": null,
            "protocol": "-1",
            "security_group_id": "sg-00d71e2486d30cf71",
            "self": false,
            "source_security_group_id": null,
            "to_port": 0,
            "type": "egress"
          },
          "private": "eyJzY2hlbWFfdmVyc2lvbiI6IjIifQ==",
          "dependencies": [
            "module.Autoscaling.aws_security_group.launch-config-asg-sg",
            "module.vpc.aws_vpc.main"
          ]
        }
      ]
    },
    {
      "module": "module.vpc",
      "mode": "managed",
      "type": "aws_subnet",
      "name": "private_subnet",
      "each": "list",
      "provider": "module.vpc.provider.aws",
      "instances": [
        {
          "index_key": 0,
          "schema_version": 1,
          "attributes": {
            "arn": "arn:aws:ec2:eu-west-1:135928476890:subnet/subnet-092f3520944ae470f",
            "assign_ipv6_address_on_creation": false,
            "availability_zone": "eu-west-1a",
            "availability_zone_id": "euw1-az3",
            "cidr_block": "10.0.10.0/24",
            "id": "subnet-092f3520944ae470f",
            "ipv6_cidr_block": "",
            "ipv6_cidr_block_association_id": "",
            "map_public_ip_on_launch": false,
            "owner_id": "135928476890",
            "tags": {
              "Name": "hamza-jason-private-subnet.1"
            },
            "timeouts": null,
            "vpc_id": "vpc-0985ada2c37759926"
          },
          "private": "eyJlMmJmYjczMC1lY2FhLTExZTYtOGY4OC0zNDM2M2JjN2M0YzAiOnsiY3JlYXRlIjo2MDAwMDAwMDAwMDAsImRlbGV0ZSI6MTIwMDAwMDAwMDAwMH0sInNjaGVtYV92ZXJzaW9uIjoiMSJ9",
          "dependencies": [
            "module.vpc.aws_vpc.main"
          ]
        },
        {
          "index_key": 1,
          "schema_version": 1,
          "attributes": {
            "arn": "arn:aws:ec2:eu-west-1:135928476890:subnet/subnet-01d256d485920fbdd",
            "assign_ipv6_address_on_creation": false,
            "availability_zone": "eu-west-1b",
            "availability_zone_id": "euw1-az1",
            "cidr_block": "10.0.11.0/24",
            "id": "subnet-01d256d485920fbdd",
            "ipv6_cidr_block": "",
            "ipv6_cidr_block_association_id": "",
            "map_public_ip_on_launch": false,
            "owner_id": "135928476890",
            "tags": {
              "Name": "hamza-jason-private-subnet.2"
            },
            "timeouts": null,
            "vpc_id": "vpc-0985ada2c37759926"
          },
          "private": "eyJlMmJmYjczMC1lY2FhLTExZTYtOGY4OC0zNDM2M2JjN2M0YzAiOnsiY3JlYXRlIjo2MDAwMDAwMDAwMDAsImRlbGV0ZSI6MTIwMDAwMDAwMDAwMH0sInNjaGVtYV92ZXJzaW9uIjoiMSJ9",
          "dependencies": [
            "module.vpc.aws_vpc.main"
          ]
        },
        {
          "index_key": 2,
          "schema_version": 1,
          "attributes": {
            "arn": "arn:aws:ec2:eu-west-1:135928476890:subnet/subnet-00c725c73566217a3",
            "assign_ipv6_address_on_creation": false,
            "availability_zone": "eu-west-1c",
            "availability_zone_id": "euw1-az2",
            "cidr_block": "10.0.12.0/24",
            "id": "subnet-00c725c73566217a3",
            "ipv6_cidr_block": "",
            "ipv6_cidr_block_association_id": "",
            "map_public_ip_on_launch": false,
            "owner_id": "135928476890",
            "tags": {
              "Name": "hamza-jason-private-subnet.3"
            },
            "timeouts": null,
            "vpc_id": "vpc-0985ada2c37759926"
          },
          "private": "eyJlMmJmYjczMC1lY2FhLTExZTYtOGY4OC0zNDM2M2JjN2M0YzAiOnsiY3JlYXRlIjo2MDAwMDAwMDAwMDAsImRlbGV0ZSI6MTIwMDAwMDAwMDAwMH0sInNjaGVtYV92ZXJzaW9uIjoiMSJ9",
          "dependencies": [
            "module.vpc.aws_vpc.main"
          ]
        }
      ]
    },
    {
      "module": "module.vpc",
      "mode": "managed",
      "type": "aws_subnet",
      "name": "public_subnet",
      "each": "list",
      "provider": "module.vpc.provider.aws",
      "instances": [
        {
          "index_key": 0,
          "schema_version": 1,
          "attributes": {
            "arn": "arn:aws:ec2:eu-west-1:135928476890:subnet/subnet-0a4135011d6af8368",
            "assign_ipv6_address_on_creation": false,
            "availability_zone": "eu-west-1a",
            "availability_zone_id": "euw1-az3",
            "cidr_block": "10.0.7.0/24",
            "id": "subnet-0a4135011d6af8368",
            "ipv6_cidr_block": "",
            "ipv6_cidr_block_association_id": "",
            "map_public_ip_on_launch": true,
            "owner_id": "135928476890",
            "tags": {
              "Name": "hamza-jason-public-subnet.1"
            },
            "timeouts": null,
            "vpc_id": "vpc-0985ada2c37759926"
          },
          "private": "eyJlMmJmYjczMC1lY2FhLTExZTYtOGY4OC0zNDM2M2JjN2M0YzAiOnsiY3JlYXRlIjo2MDAwMDAwMDAwMDAsImRlbGV0ZSI6MTIwMDAwMDAwMDAwMH0sInNjaGVtYV92ZXJzaW9uIjoiMSJ9",
          "dependencies": [
            "module.vpc.aws_vpc.main"
          ]
        },
        {
          "index_key": 1,
          "schema_version": 1,
          "attributes": {
            "arn": "arn:aws:ec2:eu-west-1:135928476890:subnet/subnet-049a6f88aa22ce730",
            "assign_ipv6_address_on_creation": false,
            "availability_zone": "eu-west-1b",
            "availability_zone_id": "euw1-az1",
            "cidr_block": "10.0.8.0/24",
            "id": "subnet-049a6f88aa22ce730",
            "ipv6_cidr_block": "",
            "ipv6_cidr_block_association_id": "",
            "map_public_ip_on_launch": true,
            "owner_id": "135928476890",
            "tags": {
              "Name": "hamza-jason-public-subnet.2"
            },
            "timeouts": null,
            "vpc_id": "vpc-0985ada2c37759926"
          },
          "private": "eyJlMmJmYjczMC1lY2FhLTExZTYtOGY4OC0zNDM2M2JjN2M0YzAiOnsiY3JlYXRlIjo2MDAwMDAwMDAwMDAsImRlbGV0ZSI6MTIwMDAwMDAwMDAwMH0sInNjaGVtYV92ZXJzaW9uIjoiMSJ9",
          "dependencies": [
            "module.vpc.aws_vpc.main"
          ]
        },
        {
          "index_key": 2,
          "schema_version": 1,
          "attributes": {
            "arn": "arn:aws:ec2:eu-west-1:135928476890:subnet/subnet-080caa174fb797725",
            "assign_ipv6_address_on_creation": false,
            "availability_zone": "eu-west-1c",
            "availability_zone_id": "euw1-az2",
            "cidr_block": "10.0.9.0/24",
            "id": "subnet-080caa174fb797725",
            "ipv6_cidr_block": "",
            "ipv6_cidr_block_association_id": "",
            "map_public_ip_on_launch": true,
            "owner_id": "135928476890",
            "tags": {
              "Name": "hamza-jason-public-subnet.3"
            },
            "timeouts": null,
            "vpc_id": "vpc-0985ada2c37759926"
          },
          "private": "eyJlMmJmYjczMC1lY2FhLTExZTYtOGY4OC0zNDM2M2JjN2M0YzAiOnsiY3JlYXRlIjo2MDAwMDAwMDAwMDAsImRlbGV0ZSI6MTIwMDAwMDAwMDAwMH0sInNjaGVtYV92ZXJzaW9uIjoiMSJ9",
          "dependencies": [
            "module.vpc.aws_vpc.main"
          ]
        }
      ]
    },
    {
      "module": "module.vpc",
      "mode": "managed",
      "type": "aws_subnet",
      "name": "public_subnet_elk",
      "each": "list",
      "provider": "module.vpc.provider.aws",
      "instances": [
        {
          "index_key": 0,
          "schema_version": 1,
          "attributes": {
            "arn": "arn:aws:ec2:eu-west-1:135928476890:subnet/subnet-0ff0f08b45f9e2253",
            "assign_ipv6_address_on_creation": false,
            "availability_zone": "eu-west-1a",
            "availability_zone_id": "euw1-az3",
            "cidr_block": "10.0.13.0/24",
            "id": "subnet-0ff0f08b45f9e2253",
            "ipv6_cidr_block": "",
            "ipv6_cidr_block_association_id": "",
            "map_public_ip_on_launch": false,
            "owner_id": "135928476890",
            "tags": {
              "Name": "hamza-jason-public-subnet-elk.1"
            },
            "timeouts": null,
            "vpc_id": "vpc-0985ada2c37759926"
          },
          "private": "eyJlMmJmYjczMC1lY2FhLTExZTYtOGY4OC0zNDM2M2JjN2M0YzAiOnsiY3JlYXRlIjo2MDAwMDAwMDAwMDAsImRlbGV0ZSI6MTIwMDAwMDAwMDAwMH0sInNjaGVtYV92ZXJzaW9uIjoiMSJ9",
          "dependencies": [
            "module.vpc.aws_vpc.main"
          ]
        }
      ]
    },
    {
      "module": "module.vpc",
      "mode": "managed",
      "type": "aws_vpc",
      "name": "main",
      "provider": "module.vpc.provider.aws",
      "instances": [
        {
          "schema_version": 1,
          "attributes": {
            "arn": "arn:aws:ec2:eu-west-1:135928476890:vpc/vpc-0985ada2c37759926",
            "assign_generated_ipv6_cidr_block": false,
            "cidr_block": "10.0.0.0/16",
            "default_network_acl_id": "acl-02a99d258fa58d227",
            "default_route_table_id": "rtb-04657b3ff8d594fbd",
            "default_security_group_id": "sg-08a67db2fd8571a21",
            "dhcp_options_id": "dopt-18d5d77d",
            "enable_classiclink": false,
            "enable_classiclink_dns_support": false,
            "enable_dns_hostnames": false,
            "enable_dns_support": true,
            "id": "vpc-0985ada2c37759926",
            "instance_tenancy": "default",
            "ipv6_association_id": "",
            "ipv6_cidr_block": "",
            "main_route_table_id": "rtb-04657b3ff8d594fbd",
            "owner_id": "135928476890",
            "tags": {
              "Name": "hamza-jason-Eng53-New-vpc"
            }
          },
          "private": "eyJzY2hlbWFfdmVyc2lvbiI6IjEifQ=="
        }
      ]
    }
  ]
}
